
Microsoft Visual Studio Solution File, Format Version 12.00
# Visual Studio 15
VisualStudioVersion = 15.0.26730.12
MinimumVisualStudioVersion = 10.0.40219.1
Project("{FAE04EC0-301F-11D3-BF4B-00C04F79EFBC}") = "SelectPaste", "SelectPaste\SelectPaste.csproj", "{ECF09B0A-C18C-4ED4-AB7C-8553812AE922}"
EndProject
Project("{FAE04EC0-301F-11D3-BF4B-00C04F79EFBC}") = "SelectPasteTests1", "SelectPasteTests1\SelectPasteTests1.csproj", "{D18841DA-2A45-4A81-96D6-A36A7B4B94B9}"
EndProject
Global
	GlobalSection(SolutionConfigurationPlatforms) = preSolution
		Debug|Any CPU = Debug|Any CPU
		Release|Any CPU = Release|Any CPU
	EndGlobalSection
	GlobalSection(ProjectConfigurationPlatforms) = postSolution
		{ECF09B0A-C18C-4ED4-AB7C-8553812AE922}.Debug|Any CPU.ActiveCfg = Debug|Any CPU
		{ECF09B0A-C18C-4ED4-AB7C-8553812AE922}.Debug|Any CPU.Build.0 = Debug|Any CPU
		{ECF09B0A-C18C-4ED4-AB7C-8553812AE922}.Release|Any CPU.ActiveCfg = Release|Any CPU
		{ECF09B0A-C18C-4ED4-AB7C-8553812AE922}.Release|Any CPU.Build.0 = Release|Any CPU
		{D18841DA-2A45-4A81-96D6-A36A7B4B94B9}.Debug|Any CPU.ActiveCfg = Debug|Any CPU
		{D18841DA-2A45-4A81-96D6-A36A7B4B94B9}.Debug|Any CPU.Build.0 = Debug|Any CPU
		{D18841DA-2A45-4A81-96D6-A36A7B4B94B9}.Release|Any CPU.ActiveCfg = Release|Any CPU
		{D18841DA-2A45-4A81-96D6-A36A7B4B94B9}.Release|Any CPU.Build.0 = Release|Any CPU
	EndGlobalSection
	GlobalSection(SolutionProperties) = preSolution
		HideSolutionNode = FALSE
	EndGlobalSection
	GlobalSection(ExtensibilityGlobals) = postSolution
		SolutionGuid = {8004F803-F4FC-4E41-BFAE-4CD497A4AA62}
	EndGlobalSection
EndGlobal
